
Microsoft Visual Studio Solution File, Format Version 12.00
# Visual Studio Version 16
VisualStudioVersion = 16.0.28729.10
MinimumVisualStudioVersion = 10.0.40219.1
Project("{FAE04EC0-301F-11D3-BF4B-00C04F79EFBC}") = "BattleshipLiteLibrary", "BattleshipLiteLibrary\BattleshipLiteLibrary.csproj", "{46C3A3DC-4FC5-491F-8D40-3CF9CE8B7187}"
EndProject
Project("{FAE04EC0-301F-11D3-BF4B-00C04F79EFBC}") = "BattleshipLite", "BattleshipLite\BattleshipLite.csproj", "{823FA978-B48B-4C75-B579-B17EBB6959DD}"
EndProject
Global
	GlobalSection(SolutionConfigurationPlatforms) = preSolution
		Debug|Any CPU = Debug|Any CPU
		Release|Any CPU = Release|Any CPU
	EndGlobalSection
	GlobalSection(ProjectConfigurationPlatforms) = postSolution
		{46C3A3DC-4FC5-491F-8D40-3CF9CE8B7187}.Debug|Any CPU.ActiveCfg = Debug|Any CPU
		{46C3A3DC-4FC5-491F-8D40-3CF9CE8B7187}.Debug|Any CPU.Build.0 = Debug|Any CPU
		{46C3A3DC-4FC5-491F-8D40-3CF9CE8B7187}.Release|Any CPU.ActiveCfg = Release|Any CPU
		{46C3A3DC-4FC5-491F-8D40-3CF9CE8B7187}.Release|Any CPU.Build.0 = Release|Any CPU
		{823FA978-B48B-4C75-B579-B17EBB6959DD}.Debug|Any CPU.ActiveCfg = Debug|Any CPU
		{823FA978-B48B-4C75-B579-B17EBB6959DD}.Debug|Any CPU.Build.0 = Debug|Any CPU
		{823FA978-B48B-4C75-B579-B17EBB6959DD}.Release|Any CPU.ActiveCfg = Release|Any CPU
		{823FA978-B48B-4C75-B579-B17EBB6959DD}.Release|Any CPU.Build.0 = Release|Any CPU
	EndGlobalSection
	GlobalSection(SolutionProperties) = preSolution
		HideSolutionNode = FALSE
	EndGlobalSection
	GlobalSection(ExtensibilityGlobals) = postSolution
		SolutionGuid = {106C52E3-75C5-4279-B287-9459227FAB45}
	EndGlobalSection
EndGlobal
